
Microsoft Visual Studio Solution File, Format Version 12.00
# Visual Studio Version 17
VisualStudioVersion = 17.14.36623.8 d17.14
MinimumVisualStudioVersion = 10.0.40219.1
Project("{FAE04EC0-301F-11D3-BF4B-00C04F79EFBC}") = "AzureDeployTest", "AzureDeployTest\AzureDeployTest.csproj", "{53D4DEF2-7C8C-4CD5-92A2-AC7A1FEAA4FC}"
EndProject
Global
	GlobalSection(SolutionConfigurationPlatforms) = preSolution
		Debug|Any CPU = Debug|Any CPU
		Release|Any CPU = Release|Any CPU
	EndGlobalSection
	GlobalSection(ProjectConfigurationPlatforms) = postSolution
		{53D4DEF2-7C8C-4CD5-92A2-AC7A1FEAA4FC}.Debug|Any CPU.ActiveCfg = Debug|Any CPU
		{53D4DEF2-7C8C-4CD5-92A2-AC7A1FEAA4FC}.Debug|Any CPU.Build.0 = Debug|Any CPU
		{53D4DEF2-7C8C-4CD5-92A2-AC7A1FEAA4FC}.Release|Any CPU.ActiveCfg = Release|Any CPU
		{53D4DEF2-7C8C-4CD5-92A2-AC7A1FEAA4FC}.Release|Any CPU.Build.0 = Release|Any CPU
	EndGlobalSection
	GlobalSection(SolutionProperties) = preSolution
		HideSolutionNode = FALSE
	EndGlobalSection
	GlobalSection(ExtensibilityGlobals) = postSolution
		SolutionGuid = {52D7AD02-9247-4A3C-9089-AF1088F68A45}
	EndGlobalSection
EndGlobal
